// !$*UTF8*$!
{
	archiveVersion = 1;
	classes = {
	};
	objectVersion = 50;
	objects = {

/* Begin PBXBuildFile section */
		54C34C7F536801431A789854 /* Pods_weg_ios.framework in Frameworks */ = {isa = PBXBuildFile; fileRef = 8A40A04DB30F6F3906C48F93 /* Pods_weg_ios.framework */; };
		8F1C82FE2094AEF200570C8D /* EquipmentRepository.swift in Sources */ = {isa = PBXBuildFile; fileRef = 8F1C82FD2094AEF200570C8D /* EquipmentRepository.swift */; };
		8F1C83002094E3DD00570C8D /* Filesystem.swift in Sources */ = {isa = PBXBuildFile; fileRef = 8F1C82FF2094E3DD00570C8D /* Filesystem.swift */; };
		8F1C83042094E47600570C8D /* UIColor+AppColors.swift in Sources */ = {isa = PBXBuildFile; fileRef = 8F1C83032094E47600570C8D /* UIColor+AppColors.swift */; };
		8F1C830720962B5F00570C8D /* UILabel+IBDesignable.swift in Sources */ = {isa = PBXBuildFile; fileRef = 8F1C830620962B5F00570C8D /* UILabel+IBDesignable.swift */; };
		8F1C830B209631BB00570C8D /* EquipmentCollectionViewController.swift in Sources */ = {isa = PBXBuildFile; fileRef = 8F1C830A209631BB00570C8D /* EquipmentCollectionViewController.swift */; };
		8F1C830D209631D400570C8D /* EquipmentViewController.swift in Sources */ = {isa = PBXBuildFile; fileRef = 8F1C830C209631D400570C8D /* EquipmentViewController.swift */; };
		8F1C830F2096349400570C8D /* EquipmentCollectionViewCell.swift in Sources */ = {isa = PBXBuildFile; fileRef = 8F1C830E2096349400570C8D /* EquipmentCollectionViewCell.swift */; };
		8F2DACE620B05B1C00F908FB /* Array+Shuffle.swift in Sources */ = {isa = PBXBuildFile; fileRef = 8F2DACE520B05B1C00F908FB /* Array+Shuffle.swift */; };
		8F62EA9620B8CB740054955E /* GoogleService-Info.plist in Resources */ = {isa = PBXBuildFile; fileRef = 8F62EA9520B8CB740054955E /* GoogleService-Info.plist */; };
		8F6912C520A3BA770011C942 /* EquipmentDetailRow.swift in Sources */ = {isa = PBXBuildFile; fileRef = 8F6912C420A3BA770011C942 /* EquipmentDetailRow.swift */; };
		8F6912C720A3BA910011C942 /* EquipmentDetailRow.xib in Resources */ = {isa = PBXBuildFile; fileRef = 8F6912C620A3BA910011C942 /* EquipmentDetailRow.xib */; };
		8F6912C920A46C1A0011C942 /* UILabel+BoldUnderline.swift in Sources */ = {isa = PBXBuildFile; fileRef = 8F6912C820A46C1A0011C942 /* UILabel+BoldUnderline.swift */; };
		8F79EE86208F5EA7002E95F9 /* Equipment.swift in Sources */ = {isa = PBXBuildFile; fileRef = 8F79EE85208F5EA7002E95F9 /* Equipment.swift */; };
		8F79EE88208F5F6A002E95F9 /* Land.swift in Sources */ = {isa = PBXBuildFile; fileRef = 8F79EE87208F5F6A002E95F9 /* Land.swift */; };
		8F79EE8A208F5F72002E95F9 /* Sea.swift in Sources */ = {isa = PBXBuildFile; fileRef = 8F79EE89208F5F72002E95F9 /* Sea.swift */; };
		8F79EE8C208F5F79002E95F9 /* Air.swift in Sources */ = {isa = PBXBuildFile; fileRef = 8F79EE8B208F5F79002E95F9 /* Air.swift */; };
		8F79EE8E208F5F81002E95F9 /* Gun.swift in Sources */ = {isa = PBXBuildFile; fileRef = 8F79EE8D208F5F81002E95F9 /* Gun.swift */; };
		8F8B270720F11A45002A4617 /* wegUnitTests.swift in Sources */ = {isa = PBXBuildFile; fileRef = 8F8B270620F11A45002A4617 /* wegUnitTests.swift */; };
		8F8B270E20F11AA4002A4617 /* EquipmentCollectionViewController.swift in Sources */ = {isa = PBXBuildFile; fileRef = 8F1C830A209631BB00570C8D /* EquipmentCollectionViewController.swift */; };
		8F8B270F20F11AA4002A4617 /* EquipmentViewController.swift in Sources */ = {isa = PBXBuildFile; fileRef = 8F1C830C209631D400570C8D /* EquipmentViewController.swift */; };
		8F8B271020F11AA4002A4617 /* EquipmentCollectionViewCell.swift in Sources */ = {isa = PBXBuildFile; fileRef = 8F1C830E2096349400570C8D /* EquipmentCollectionViewCell.swift */; };
		8F8B271120F11AA4002A4617 /* EquipmentDetailRow.swift in Sources */ = {isa = PBXBuildFile; fileRef = 8F6912C420A3BA770011C942 /* EquipmentDetailRow.swift */; };
		8F8B271220F11AA4002A4617 /* EquipmentDetailRow.xib in Resources */ = {isa = PBXBuildFile; fileRef = 8F6912C620A3BA910011C942 /* EquipmentDetailRow.xib */; };
		8F8B271320F11AA9002A4617 /* CardsSetupViewController.swift in Sources */ = {isa = PBXBuildFile; fileRef = 8FD30BE320A9B25900ED7C5B /* CardsSetupViewController.swift */; };
		8F8B271420F11AA9002A4617 /* CardsViewController.swift in Sources */ = {isa = PBXBuildFile; fileRef = 8FD30BE520A9B30200ED7C5B /* CardsViewController.swift */; };
		8F8B271520F11AA9002A4617 /* ButtonRow.xib in Resources */ = {isa = PBXBuildFile; fileRef = 8FD30BE720A9B7DF00ED7C5B /* ButtonRow.xib */; };
		8F8B271620F11AA9002A4617 /* ButtonRow.swift in Sources */ = {isa = PBXBuildFile; fileRef = 8FD30BE920A9BE7300ED7C5B /* ButtonRow.swift */; };
		8F8B271E20F11AB2002A4617 /* loading.json in Resources */ = {isa = PBXBuildFile; fileRef = 8F90342720B6DF390077518F /* loading.json */; };
		8F8B271F20F11AB2002A4617 /* LoadingView.swift in Sources */ = {isa = PBXBuildFile; fileRef = 8F90342920B6E6AD0077518F /* LoadingView.swift */; };
		8F8B272020F11AB2002A4617 /* LoadingView.xib in Resources */ = {isa = PBXBuildFile; fileRef = 8F90342C20B6E6DD0077518F /* LoadingView.xib */; };
		8F8B272120F11AC1002A4617 /* AppDelegate.swift in Sources */ = {isa = PBXBuildFile; fileRef = 8FC11C65208EB31C00B083F8 /* AppDelegate.swift */; };
		8F8B272220F11AC1002A4617 /* EquipmentRepository.swift in Sources */ = {isa = PBXBuildFile; fileRef = 8F1C82FD2094AEF200570C8D /* EquipmentRepository.swift */; };
		8F8B272320F11AC1002A4617 /* Filesystem.swift in Sources */ = {isa = PBXBuildFile; fileRef = 8F1C82FF2094E3DD00570C8D /* Filesystem.swift */; };
		8F8B272420F11AC1002A4617 /* Info.plist in Resources */ = {isa = PBXBuildFile; fileRef = 8F1C83012094E3F500570C8D /* Info.plist */; };
		8F8B272520F11AC1002A4617 /* GoogleService-Info.plist in Resources */ = {isa = PBXBuildFile; fileRef = 8F62EA9520B8CB740054955E /* GoogleService-Info.plist */; };
		8F8B272620F11AC4002A4617 /* Assets.xcassets in Resources */ = {isa = PBXBuildFile; fileRef = 8FC11C6E208EB31D00B083F8 /* Assets.xcassets */; };
		8F8B272720F11ACB002A4617 /* LaunchScreen.storyboard in Resources */ = {isa = PBXBuildFile; fileRef = 8FC11C70208EB31D00B083F8 /* LaunchScreen.storyboard */; };
		8F8B272820F11ACB002A4617 /* Main.storyboard in Resources */ = {isa = PBXBuildFile; fileRef = 8FC11C6B208EB31C00B083F8 /* Main.storyboard */; };
		8F8B272920F11C61002A4617 /* Equipment.swift in Sources */ = {isa = PBXBuildFile; fileRef = 8F79EE85208F5EA7002E95F9 /* Equipment.swift */; };
		8F8B272A20F11C61002A4617 /* Land.swift in Sources */ = {isa = PBXBuildFile; fileRef = 8F79EE87208F5F6A002E95F9 /* Land.swift */; };
		8F8B272B20F11C61002A4617 /* Sea.swift in Sources */ = {isa = PBXBuildFile; fileRef = 8F79EE89208F5F72002E95F9 /* Sea.swift */; };
		8F8B272C20F11C61002A4617 /* Air.swift in Sources */ = {isa = PBXBuildFile; fileRef = 8F79EE8B208F5F79002E95F9 /* Air.swift */; };
		8F8B272D20F11C61002A4617 /* Gun.swift in Sources */ = {isa = PBXBuildFile; fileRef = 8F79EE8D208F5F81002E95F9 /* Gun.swift */; };
		8F8B272E20F11C9C002A4617 /* Equipment.xcdatamodeld in Sources */ = {isa = PBXBuildFile; fileRef = 8F98121820B99DD100681630 /* Equipment.xcdatamodeld */; };
		8F8B272F20F11CCF002A4617 /* UIViewController+PresentAlert.swift in Sources */ = {isa = PBXBuildFile; fileRef = 8FC0051C209896FC00E04417 /* UIViewController+PresentAlert.swift */; };
		8F8B273020F11CCF002A4617 /* UIColor+AppColors.swift in Sources */ = {isa = PBXBuildFile; fileRef = 8F1C83032094E47600570C8D /* UIColor+AppColors.swift */; };
		8F8B273120F11CCF002A4617 /* UILabel+IBDesignable.swift in Sources */ = {isa = PBXBuildFile; fileRef = 8F1C830620962B5F00570C8D /* UILabel+IBDesignable.swift */; };
		8F8B273220F11CCF002A4617 /* UIView+ActivityIndicator.swift in Sources */ = {isa = PBXBuildFile; fileRef = 8FC0051A209896F100E04417 /* UIView+ActivityIndicator.swift */; };
		8F8B273320F11CCF002A4617 /* UILabel+BoldUnderline.swift in Sources */ = {isa = PBXBuildFile; fileRef = 8F6912C820A46C1A0011C942 /* UILabel+BoldUnderline.swift */; };
		8F8B273420F11CCF002A4617 /* Array+Shuffle.swift in Sources */ = {isa = PBXBuildFile; fileRef = 8F2DACE520B05B1C00F908FB /* Array+Shuffle.swift */; };
		8F8B273520F11CCF002A4617 /* CodingUserInfoKey+Context.swift in Sources */ = {isa = PBXBuildFile; fileRef = 8F98123C20B9C5A600681630 /* CodingUserInfoKey+Context.swift */; };
		8F90342820B6DF390077518F /* loading.json in Resources */ = {isa = PBXBuildFile; fileRef = 8F90342720B6DF390077518F /* loading.json */; };
		8F90342A20B6E6AD0077518F /* LoadingView.swift in Sources */ = {isa = PBXBuildFile; fileRef = 8F90342920B6E6AD0077518F /* LoadingView.swift */; };
		8F90342D20B6E6DD0077518F /* LoadingView.xib in Resources */ = {isa = PBXBuildFile; fileRef = 8F90342C20B6E6DD0077518F /* LoadingView.xib */; };
		8F98121A20B99DD100681630 /* Equipment.xcdatamodeld in Sources */ = {isa = PBXBuildFile; fileRef = 8F98121820B99DD100681630 /* Equipment.xcdatamodeld */; };
		8F98123D20B9C5A600681630 /* CodingUserInfoKey+Context.swift in Sources */ = {isa = PBXBuildFile; fileRef = 8F98123C20B9C5A600681630 /* CodingUserInfoKey+Context.swift */; };
		8FA92A0120F11FBB006E7AE6 /* GoogleToolboxForMac.framework in Frameworks */ = {isa = PBXBuildFile; fileRef = 8FA92A0020F11FBB006E7AE6 /* GoogleToolboxForMac.framework */; };
		8FA92A0320F11FBB006E7AE6 /* Kingfisher.framework in Frameworks */ = {isa = PBXBuildFile; fileRef = 8FA92A0220F11FBB006E7AE6 /* Kingfisher.framework */; };
		8FA92A0520F11FBB006E7AE6 /* Lottie.framework in Frameworks */ = {isa = PBXBuildFile; fileRef = 8FA92A0420F11FBB006E7AE6 /* Lottie.framework */; };
		8FA92A0720F11FBB006E7AE6 /* nanopb.framework in Frameworks */ = {isa = PBXBuildFile; fileRef = 8FA92A0620F11FBB006E7AE6 /* nanopb.framework */; };
		8FA92A0920F11FBB006E7AE6 /* Pods_weg_ios.framework in Frameworks */ = {isa = PBXBuildFile; fileRef = 8FA92A0820F11FBB006E7AE6 /* Pods_weg_ios.framework */; };
		8FC0051B209896F100E04417 /* UIView+ActivityIndicator.swift in Sources */ = {isa = PBXBuildFile; fileRef = 8FC0051A209896F100E04417 /* UIView+ActivityIndicator.swift */; };
		8FC0051D209896FD00E04417 /* UIViewController+PresentAlert.swift in Sources */ = {isa = PBXBuildFile; fileRef = 8FC0051C209896FC00E04417 /* UIViewController+PresentAlert.swift */; };
		8FC11C66208EB31C00B083F8 /* AppDelegate.swift in Sources */ = {isa = PBXBuildFile; fileRef = 8FC11C65208EB31C00B083F8 /* AppDelegate.swift */; };
		8FC11C6D208EB31C00B083F8 /* Main.storyboard in Resources */ = {isa = PBXBuildFile; fileRef = 8FC11C6B208EB31C00B083F8 /* Main.storyboard */; };
		8FC11C6F208EB31D00B083F8 /* Assets.xcassets in Resources */ = {isa = PBXBuildFile; fileRef = 8FC11C6E208EB31D00B083F8 /* Assets.xcassets */; };
		8FC11C72208EB31D00B083F8 /* LaunchScreen.storyboard in Resources */ = {isa = PBXBuildFile; fileRef = 8FC11C70208EB31D00B083F8 /* LaunchScreen.storyboard */; };
		8FD30BE420A9B25900ED7C5B /* CardsSetupViewController.swift in Sources */ = {isa = PBXBuildFile; fileRef = 8FD30BE320A9B25900ED7C5B /* CardsSetupViewController.swift */; };
		8FD30BE620A9B30200ED7C5B /* CardsViewController.swift in Sources */ = {isa = PBXBuildFile; fileRef = 8FD30BE520A9B30200ED7C5B /* CardsViewController.swift */; };
		8FD30BE820A9B7DF00ED7C5B /* ButtonRow.xib in Resources */ = {isa = PBXBuildFile; fileRef = 8FD30BE720A9B7DF00ED7C5B /* ButtonRow.xib */; };
		8FD30BEA20A9BE7300ED7C5B /* ButtonRow.swift in Sources */ = {isa = PBXBuildFile; fileRef = 8FD30BE920A9BE7300ED7C5B /* ButtonRow.swift */; };
		9030863C1DE05DE05C40B97E /* Pods_wegUnitTests.framework in Frameworks */ = {isa = PBXBuildFile; fileRef = B7A975C1801A0E2E8EB9BF8A /* Pods_wegUnitTests.framework */; };
/* End PBXBuildFile section */

/* Begin PBXContainerItemProxy section */
		8F8B270920F11A45002A4617 /* PBXContainerItemProxy */ = {
			isa = PBXContainerItemProxy;
			containerPortal = 8FC11C5A208EB31C00B083F8 /* Project object */;
			proxyType = 1;
			remoteGlobalIDString = 8FC11C61208EB31C00B083F8;
			remoteInfo = "weg-ios";
		};
/* End PBXContainerItemProxy section */

/* Begin PBXFileReference section */
		0CE54F0CEC421B015A91736D /* Pods-weg-ios.debug.xcconfig */ = {isa = PBXFileReference; includeInIndex = 1; lastKnownFileType = text.xcconfig; name = "Pods-weg-ios.debug.xcconfig"; path = "Pods/Target Support Files/Pods-weg-ios/Pods-weg-ios.debug.xcconfig"; sourceTree = "<group>"; };
		3A13FAC67B9E91FFB5A5D087 /* Pods-wegUnitTests.debug.xcconfig */ = {isa = PBXFileReference; includeInIndex = 1; lastKnownFileType = text.xcconfig; name = "Pods-wegUnitTests.debug.xcconfig"; path = "Pods/Target Support Files/Pods-wegUnitTests/Pods-wegUnitTests.debug.xcconfig"; sourceTree = "<group>"; };
		8A40A04DB30F6F3906C48F93 /* Pods_weg_ios.framework */ = {isa = PBXFileReference; explicitFileType = wrapper.framework; includeInIndex = 0; path = Pods_weg_ios.framework; sourceTree = BUILT_PRODUCTS_DIR; };
		8F1C82FD2094AEF200570C8D /* EquipmentRepository.swift */ = {isa = PBXFileReference; lastKnownFileType = sourcecode.swift; path = EquipmentRepository.swift; sourceTree = "<group>"; };
		8F1C82FF2094E3DD00570C8D /* Filesystem.swift */ = {isa = PBXFileReference; fileEncoding = 4; lastKnownFileType = sourcecode.swift; path = Filesystem.swift; sourceTree = "<group>"; };
		8F1C83012094E3F500570C8D /* Info.plist */ = {isa = PBXFileReference; fileEncoding = 4; lastKnownFileType = text.plist.xml; path = Info.plist; sourceTree = "<group>"; };
		8F1C83032094E47600570C8D /* UIColor+AppColors.swift */ = {isa = PBXFileReference; lastKnownFileType = sourcecode.swift; path = "UIColor+AppColors.swift"; sourceTree = "<group>"; };
		8F1C830620962B5F00570C8D /* UILabel+IBDesignable.swift */ = {isa = PBXFileReference; lastKnownFileType = sourcecode.swift; path = "UILabel+IBDesignable.swift"; sourceTree = "<group>"; };
		8F1C830A209631BB00570C8D /* EquipmentCollectionViewController.swift */ = {isa = PBXFileReference; lastKnownFileType = sourcecode.swift; path = EquipmentCollectionViewController.swift; sourceTree = "<group>"; };
		8F1C830C209631D400570C8D /* EquipmentViewController.swift */ = {isa = PBXFileReference; lastKnownFileType = sourcecode.swift; path = EquipmentViewController.swift; sourceTree = "<group>"; };
		8F1C830E2096349400570C8D /* EquipmentCollectionViewCell.swift */ = {isa = PBXFileReference; lastKnownFileType = sourcecode.swift; path = EquipmentCollectionViewCell.swift; sourceTree = "<group>"; };
		8F2DACE520B05B1C00F908FB /* Array+Shuffle.swift */ = {isa = PBXFileReference; lastKnownFileType = sourcecode.swift; path = "Array+Shuffle.swift"; sourceTree = "<group>"; };
		8F62EA9520B8CB740054955E /* GoogleService-Info.plist */ = {isa = PBXFileReference; fileEncoding = 4; lastKnownFileType = text.plist.xml; path = "GoogleService-Info.plist"; sourceTree = "<group>"; };
		8F6912C420A3BA770011C942 /* EquipmentDetailRow.swift */ = {isa = PBXFileReference; lastKnownFileType = sourcecode.swift; path = EquipmentDetailRow.swift; sourceTree = "<group>"; };
		8F6912C620A3BA910011C942 /* EquipmentDetailRow.xib */ = {isa = PBXFileReference; lastKnownFileType = file.xib; path = EquipmentDetailRow.xib; sourceTree = "<group>"; };
		8F6912C820A46C1A0011C942 /* UILabel+BoldUnderline.swift */ = {isa = PBXFileReference; lastKnownFileType = sourcecode.swift; path = "UILabel+BoldUnderline.swift"; sourceTree = "<group>"; };
		8F79EE85208F5EA7002E95F9 /* Equipment.swift */ = {isa = PBXFileReference; lastKnownFileType = sourcecode.swift; path = Equipment.swift; sourceTree = "<group>"; };
		8F79EE87208F5F6A002E95F9 /* Land.swift */ = {isa = PBXFileReference; lastKnownFileType = sourcecode.swift; path = Land.swift; sourceTree = "<group>"; xcLanguageSpecificationIdentifier = xcode.lang.swift; };
		8F79EE89208F5F72002E95F9 /* Sea.swift */ = {isa = PBXFileReference; lastKnownFileType = sourcecode.swift; path = Sea.swift; sourceTree = "<group>"; };
		8F79EE8B208F5F79002E95F9 /* Air.swift */ = {isa = PBXFileReference; lastKnownFileType = sourcecode.swift; path = Air.swift; sourceTree = "<group>"; };
		8F79EE8D208F5F81002E95F9 /* Gun.swift */ = {isa = PBXFileReference; lastKnownFileType = sourcecode.swift; path = Gun.swift; sourceTree = "<group>"; };
		8F8B270420F11A45002A4617 /* wegUnitTests.xctest */ = {isa = PBXFileReference; explicitFileType = wrapper.cfbundle; includeInIndex = 0; path = wegUnitTests.xctest; sourceTree = BUILT_PRODUCTS_DIR; };
		8F8B270620F11A45002A4617 /* wegUnitTests.swift */ = {isa = PBXFileReference; lastKnownFileType = sourcecode.swift; path = wegUnitTests.swift; sourceTree = "<group>"; };
		8F8B270820F11A45002A4617 /* Info.plist */ = {isa = PBXFileReference; lastKnownFileType = text.plist.xml; path = Info.plist; sourceTree = "<group>"; };
		8F90342720B6DF390077518F /* loading.json */ = {isa = PBXFileReference; fileEncoding = 4; lastKnownFileType = text.json; path = loading.json; sourceTree = "<group>"; };
		8F90342920B6E6AD0077518F /* LoadingView.swift */ = {isa = PBXFileReference; lastKnownFileType = sourcecode.swift; path = LoadingView.swift; sourceTree = "<group>"; };
		8F90342C20B6E6DD0077518F /* LoadingView.xib */ = {isa = PBXFileReference; lastKnownFileType = file.xib; path = LoadingView.xib; sourceTree = "<group>"; };
		8F98121920B99DD100681630 /* Equipment.xcdatamodel */ = {isa = PBXFileReference; lastKnownFileType = wrapper.xcdatamodel; path = Equipment.xcdatamodel; sourceTree = "<group>"; };
		8F98123C20B9C5A600681630 /* CodingUserInfoKey+Context.swift */ = {isa = PBXFileReference; lastKnownFileType = sourcecode.swift; path = "CodingUserInfoKey+Context.swift"; sourceTree = "<group>"; };
		8FA92A0020F11FBB006E7AE6 /* GoogleToolboxForMac.framework */ = {isa = PBXFileReference; explicitFileType = wrapper.framework; path = GoogleToolboxForMac.framework; sourceTree = BUILT_PRODUCTS_DIR; };
		8FA92A0220F11FBB006E7AE6 /* Kingfisher.framework */ = {isa = PBXFileReference; explicitFileType = wrapper.framework; path = Kingfisher.framework; sourceTree = BUILT_PRODUCTS_DIR; };
		8FA92A0420F11FBB006E7AE6 /* Lottie.framework */ = {isa = PBXFileReference; explicitFileType = wrapper.framework; path = Lottie.framework; sourceTree = BUILT_PRODUCTS_DIR; };
		8FA92A0620F11FBB006E7AE6 /* nanopb.framework */ = {isa = PBXFileReference; explicitFileType = wrapper.framework; path = nanopb.framework; sourceTree = BUILT_PRODUCTS_DIR; };
		8FA92A0820F11FBB006E7AE6 /* Pods_weg_ios.framework */ = {isa = PBXFileReference; explicitFileType = wrapper.framework; path = Pods_weg_ios.framework; sourceTree = BUILT_PRODUCTS_DIR; };
		8FC0051A209896F100E04417 /* UIView+ActivityIndicator.swift */ = {isa = PBXFileReference; fileEncoding = 4; lastKnownFileType = sourcecode.swift; path = "UIView+ActivityIndicator.swift"; sourceTree = "<group>"; };
		8FC0051C209896FC00E04417 /* UIViewController+PresentAlert.swift */ = {isa = PBXFileReference; fileEncoding = 4; lastKnownFileType = sourcecode.swift; path = "UIViewController+PresentAlert.swift"; sourceTree = "<group>"; };
		8FC11C62208EB31C00B083F8 /* weg-ios.app */ = {isa = PBXFileReference; explicitFileType = wrapper.application; includeInIndex = 0; path = "weg-ios.app"; sourceTree = BUILT_PRODUCTS_DIR; };
		8FC11C65208EB31C00B083F8 /* AppDelegate.swift */ = {isa = PBXFileReference; lastKnownFileType = sourcecode.swift; path = AppDelegate.swift; sourceTree = "<group>"; };
		8FC11C6C208EB31C00B083F8 /* Base */ = {isa = PBXFileReference; lastKnownFileType = file.storyboard; name = Base; path = Base.lproj/Main.storyboard; sourceTree = "<group>"; };
		8FC11C6E208EB31D00B083F8 /* Assets.xcassets */ = {isa = PBXFileReference; lastKnownFileType = folder.assetcatalog; path = Assets.xcassets; sourceTree = "<group>"; };
		8FC11C71208EB31D00B083F8 /* Base */ = {isa = PBXFileReference; lastKnownFileType = file.storyboard; name = Base; path = Base.lproj/LaunchScreen.storyboard; sourceTree = "<group>"; };
		8FD30BE320A9B25900ED7C5B /* CardsSetupViewController.swift */ = {isa = PBXFileReference; lastKnownFileType = sourcecode.swift; path = CardsSetupViewController.swift; sourceTree = "<group>"; };
		8FD30BE520A9B30200ED7C5B /* CardsViewController.swift */ = {isa = PBXFileReference; lastKnownFileType = sourcecode.swift; path = CardsViewController.swift; sourceTree = "<group>"; };
		8FD30BE720A9B7DF00ED7C5B /* ButtonRow.xib */ = {isa = PBXFileReference; lastKnownFileType = file.xib; path = ButtonRow.xib; sourceTree = "<group>"; };
		8FD30BE920A9BE7300ED7C5B /* ButtonRow.swift */ = {isa = PBXFileReference; lastKnownFileType = sourcecode.swift; path = ButtonRow.swift; sourceTree = "<group>"; };
		903ABF2C4FD84DFFFC442C7A /* Pods-wegUnitTests.release.xcconfig */ = {isa = PBXFileReference; includeInIndex = 1; lastKnownFileType = text.xcconfig; name = "Pods-wegUnitTests.release.xcconfig"; path = "Pods/Target Support Files/Pods-wegUnitTests/Pods-wegUnitTests.release.xcconfig"; sourceTree = "<group>"; };
		98CFA5E9F005148975EA2FF5 /* Pods-weg-ios.release.xcconfig */ = {isa = PBXFileReference; includeInIndex = 1; lastKnownFileType = text.xcconfig; name = "Pods-weg-ios.release.xcconfig"; path = "Pods/Target Support Files/Pods-weg-ios/Pods-weg-ios.release.xcconfig"; sourceTree = "<group>"; };
		B7A975C1801A0E2E8EB9BF8A /* Pods_wegUnitTests.framework */ = {isa = PBXFileReference; explicitFileType = wrapper.framework; includeInIndex = 0; path = Pods_wegUnitTests.framework; sourceTree = BUILT_PRODUCTS_DIR; };
/* End PBXFileReference section */

/* Begin PBXFrameworksBuildPhase section */
		8F8B270120F11A45002A4617 /* Frameworks */ = {
			isa = PBXFrameworksBuildPhase;
			buildActionMask = 2147483647;
			files = (
				8FA92A0120F11FBB006E7AE6 /* GoogleToolboxForMac.framework in Frameworks */,
				8FA92A0320F11FBB006E7AE6 /* Kingfisher.framework in Frameworks */,
				8FA92A0520F11FBB006E7AE6 /* Lottie.framework in Frameworks */,
				8FA92A0720F11FBB006E7AE6 /* nanopb.framework in Frameworks */,
				8FA92A0920F11FBB006E7AE6 /* Pods_weg_ios.framework in Frameworks */,
				9030863C1DE05DE05C40B97E /* Pods_wegUnitTests.framework in Frameworks */,
			);
			runOnlyForDeploymentPostprocessing = 0;
		};
		8FC11C5F208EB31C00B083F8 /* Frameworks */ = {
			isa = PBXFrameworksBuildPhase;
			buildActionMask = 2147483647;
			files = (
				54C34C7F536801431A789854 /* Pods_weg_ios.framework in Frameworks */,
			);
			runOnlyForDeploymentPostprocessing = 0;
		};
/* End PBXFrameworksBuildPhase section */

/* Begin PBXGroup section */
		4C8959ECE461B3ADB4A28F48 /* Frameworks */ = {
			isa = PBXGroup;
			children = (
				8FA92A0020F11FBB006E7AE6 /* GoogleToolboxForMac.framework */,
				8FA92A0220F11FBB006E7AE6 /* Kingfisher.framework */,
				8FA92A0420F11FBB006E7AE6 /* Lottie.framework */,
				8FA92A0620F11FBB006E7AE6 /* nanopb.framework */,
				8FA92A0820F11FBB006E7AE6 /* Pods_weg_ios.framework */,
				8A40A04DB30F6F3906C48F93 /* Pods_weg_ios.framework */,
				B7A975C1801A0E2E8EB9BF8A /* Pods_wegUnitTests.framework */,
			);
			name = Frameworks;
			sourceTree = "<group>";
		};
		8F1C830520962B3200570C8D /* Extensions */ = {
			isa = PBXGroup;
			children = (
				8FC0051C209896FC00E04417 /* UIViewController+PresentAlert.swift */,
				8F1C83032094E47600570C8D /* UIColor+AppColors.swift */,
				8F1C830620962B5F00570C8D /* UILabel+IBDesignable.swift */,
				8FC0051A209896F100E04417 /* UIView+ActivityIndicator.swift */,
				8F6912C820A46C1A0011C942 /* UILabel+BoldUnderline.swift */,
				8F2DACE520B05B1C00F908FB /* Array+Shuffle.swift */,
				8F98123C20B9C5A600681630 /* CodingUserInfoKey+Context.swift */,
			);
			path = Extensions;
			sourceTree = "<group>";
		};
		8F79EE82208F5E37002E95F9 /* Models */ = {
			isa = PBXGroup;
			children = (
				8F79EE85208F5EA7002E95F9 /* Equipment.swift */,
				8F79EE87208F5F6A002E95F9 /* Land.swift */,
				8F79EE89208F5F72002E95F9 /* Sea.swift */,
				8F79EE8B208F5F79002E95F9 /* Air.swift */,
				8F79EE8D208F5F81002E95F9 /* Gun.swift */,
			);
			path = Models;
			sourceTree = "<group>";
		};
		8F79EE83208F5E44002E95F9 /* Equipment */ = {
			isa = PBXGroup;
			children = (
				8F1C830A209631BB00570C8D /* EquipmentCollectionViewController.swift */,
				8F1C830C209631D400570C8D /* EquipmentViewController.swift */,
				8F1C830E2096349400570C8D /* EquipmentCollectionViewCell.swift */,
				8F6912C420A3BA770011C942 /* EquipmentDetailRow.swift */,
				8F6912C620A3BA910011C942 /* EquipmentDetailRow.xib */,
			);
			path = Equipment;
			sourceTree = "<group>";
		};
		8F79EE84208F5E4C002E95F9 /* Cards */ = {
			isa = PBXGroup;
			children = (
				8FD30BE320A9B25900ED7C5B /* CardsSetupViewController.swift */,
				8FD30BE520A9B30200ED7C5B /* CardsViewController.swift */,
				8FD30BE720A9B7DF00ED7C5B /* ButtonRow.xib */,
				8FD30BE920A9BE7300ED7C5B /* ButtonRow.swift */,
			);
			path = Cards;
			sourceTree = "<group>";
		};
		8F8B270520F11A45002A4617 /* wegUnitTests */ = {
			isa = PBXGroup;
			children = (
				8F8B270620F11A45002A4617 /* wegUnitTests.swift */,
				8F8B270820F11A45002A4617 /* Info.plist */,
			);
			path = wegUnitTests;
			sourceTree = "<group>";
		};
		8F90342B20B6E6C60077518F /* Animations */ = {
			isa = PBXGroup;
			children = (
				8F90342720B6DF390077518F /* loading.json */,
				8F90342920B6E6AD0077518F /* LoadingView.swift */,
				8F90342C20B6E6DD0077518F /* LoadingView.xib */,
			);
			path = Animations;
			sourceTree = "<group>";
		};
		8FC11C59208EB31C00B083F8 = {
			isa = PBXGroup;
			children = (
				8FC11C64208EB31C00B083F8 /* weg-ios */,
				8F8B270520F11A45002A4617 /* wegUnitTests */,
				8FC11C63208EB31C00B083F8 /* Products */,
				F80E35212F5F1AAED14171FA /* Pods */,
				4C8959ECE461B3ADB4A28F48 /* Frameworks */,
			);
			sourceTree = "<group>";
		};
		8FC11C63208EB31C00B083F8 /* Products */ = {
			isa = PBXGroup;
			children = (
				8FC11C62208EB31C00B083F8 /* weg-ios.app */,
				8F8B270420F11A45002A4617 /* wegUnitTests.xctest */,
			);
			name = Products;
			sourceTree = "<group>";
		};
		8FC11C64208EB31C00B083F8 /* weg-ios */ = {
			isa = PBXGroup;
			children = (
				8F90342B20B6E6C60077518F /* Animations */,
				8F1C830520962B3200570C8D /* Extensions */,
				8F79EE84208F5E4C002E95F9 /* Cards */,
				8F79EE83208F5E44002E95F9 /* Equipment */,
				8F79EE82208F5E37002E95F9 /* Models */,
				8FC11C65208EB31C00B083F8 /* AppDelegate.swift */,
				8F1C82FD2094AEF200570C8D /* EquipmentRepository.swift */,
				8F1C82FF2094E3DD00570C8D /* Filesystem.swift */,
				8F1C83012094E3F500570C8D /* Info.plist */,
				8F62EA9520B8CB740054955E /* GoogleService-Info.plist */,
				8FC11C6E208EB31D00B083F8 /* Assets.xcassets */,
				8FC11C70208EB31D00B083F8 /* LaunchScreen.storyboard */,
				8FC11C6B208EB31C00B083F8 /* Main.storyboard */,
				8F98121820B99DD100681630 /* Equipment.xcdatamodeld */,
			);
			path = "weg-ios";
			sourceTree = "<group>";
		};
		F80E35212F5F1AAED14171FA /* Pods */ = {
			isa = PBXGroup;
			children = (
				0CE54F0CEC421B015A91736D /* Pods-weg-ios.debug.xcconfig */,
				98CFA5E9F005148975EA2FF5 /* Pods-weg-ios.release.xcconfig */,
				3A13FAC67B9E91FFB5A5D087 /* Pods-wegUnitTests.debug.xcconfig */,
				903ABF2C4FD84DFFFC442C7A /* Pods-wegUnitTests.release.xcconfig */,
			);
			name = Pods;
			sourceTree = "<group>";
		};
/* End PBXGroup section */

/* Begin PBXNativeTarget section */
		8F8B270320F11A45002A4617 /* wegUnitTests */ = {
			isa = PBXNativeTarget;
			buildConfigurationList = 8F8B270D20F11A45002A4617 /* Build configuration list for PBXNativeTarget "wegUnitTests" */;
			buildPhases = (
				E8743EC162B17A3D898AF8CC /* [CP] Check Pods Manifest.lock */,
				8F8B270020F11A45002A4617 /* Sources */,
				8F8B270120F11A45002A4617 /* Frameworks */,
				8F8B270220F11A45002A4617 /* Resources */,
				984184AB70B9D32F45F78D24 /* [CP] Embed Pods Frameworks */,
			);
			buildRules = (
			);
			dependencies = (
				8F8B270A20F11A45002A4617 /* PBXTargetDependency */,
			);
			name = wegUnitTests;
			productName = wegUnitTests;
			productReference = 8F8B270420F11A45002A4617 /* wegUnitTests.xctest */;
			productType = "com.apple.product-type.bundle.unit-test";
		};
		8FC11C61208EB31C00B083F8 /* weg-ios */ = {
			isa = PBXNativeTarget;
			buildConfigurationList = 8FC11C76208EB31D00B083F8 /* Build configuration list for PBXNativeTarget "weg-ios" */;
			buildPhases = (
				2BAAAC21DB70D238DEC66478 /* [CP] Check Pods Manifest.lock */,
				8FC11C5E208EB31C00B083F8 /* Sources */,
				8FC11C5F208EB31C00B083F8 /* Frameworks */,
				8FC11C60208EB31C00B083F8 /* Resources */,
				8F62EA9720B8CCF60054955E /* ShellScript */,
				52D09EA544F6DBB94D5474A1 /* [CP] Embed Pods Frameworks */,
			);
			buildRules = (
			);
			dependencies = (
			);
			name = "weg-ios";
			productName = "weg-ios";
			productReference = 8FC11C62208EB31C00B083F8 /* weg-ios.app */;
			productType = "com.apple.product-type.application";
		};
/* End PBXNativeTarget section */

/* Begin PBXProject section */
		8FC11C5A208EB31C00B083F8 /* Project object */ = {
			isa = PBXProject;
			attributes = {
				LastSwiftUpdateCheck = 0940;
				LastUpgradeCheck = 0940;
				ORGANIZATIONNAME = "James JM Taylor";
				TargetAttributes = {
					8F8B270320F11A45002A4617 = {
						CreatedOnToolsVersion = 9.4.1;
						TestTargetID = 8FC11C61208EB31C00B083F8;
					};
					8FC11C61208EB31C00B083F8 = {
						CreatedOnToolsVersion = 9.3;
					};
				};
			};
			buildConfigurationList = 8FC11C5D208EB31C00B083F8 /* Build configuration list for PBXProject "weg-ios" */;
			compatibilityVersion = "Xcode 9.3";
			developmentRegion = en;
			hasScannedForEncodings = 0;
			knownRegions = (
				en,
				Base,
			);
			mainGroup = 8FC11C59208EB31C00B083F8;
			productRefGroup = 8FC11C63208EB31C00B083F8 /* Products */;
			projectDirPath = "";
			projectRoot = "";
			targets = (
				8FC11C61208EB31C00B083F8 /* weg-ios */,
				8F8B270320F11A45002A4617 /* wegUnitTests */,
			);
		};
/* End PBXProject section */

/* Begin PBXResourcesBuildPhase section */
		8F8B270220F11A45002A4617 /* Resources */ = {
			isa = PBXResourcesBuildPhase;
			buildActionMask = 2147483647;
			files = (
				8F8B271520F11AA9002A4617 /* ButtonRow.xib in Resources */,
				8F8B272720F11ACB002A4617 /* LaunchScreen.storyboard in Resources */,
				8F8B272020F11AB2002A4617 /* LoadingView.xib in Resources */,
				8F8B271220F11AA4002A4617 /* EquipmentDetailRow.xib in Resources */,
				8F8B272420F11AC1002A4617 /* Info.plist in Resources */,
				8F8B272620F11AC4002A4617 /* Assets.xcassets in Resources */,
				8F8B272820F11ACB002A4617 /* Main.storyboard in Resources */,
				8F8B271E20F11AB2002A4617 /* loading.json in Resources */,
				8F8B272520F11AC1002A4617 /* GoogleService-Info.plist in Resources */,
			);
			runOnlyForDeploymentPostprocessing = 0;
		};
		8FC11C60208EB31C00B083F8 /* Resources */ = {
			isa = PBXResourcesBuildPhase;
			buildActionMask = 2147483647;
			files = (
				8FD30BE820A9B7DF00ED7C5B /* ButtonRow.xib in Resources */,
				8F90342D20B6E6DD0077518F /* LoadingView.xib in Resources */,
				8F62EA9620B8CB740054955E /* GoogleService-Info.plist in Resources */,
				8F6912C720A3BA910011C942 /* EquipmentDetailRow.xib in Resources */,
				8FC11C72208EB31D00B083F8 /* LaunchScreen.storyboard in Resources */,
				8F90342820B6DF390077518F /* loading.json in Resources */,
				8FC11C6F208EB31D00B083F8 /* Assets.xcassets in Resources */,
				8FC11C6D208EB31C00B083F8 /* Main.storyboard in Resources */,
			);
			runOnlyForDeploymentPostprocessing = 0;
		};
/* End PBXResourcesBuildPhase section */

/* Begin PBXShellScriptBuildPhase section */
		2BAAAC21DB70D238DEC66478 /* [CP] Check Pods Manifest.lock */ = {
			isa = PBXShellScriptBuildPhase;
			buildActionMask = 2147483647;
			files = (
			);
			inputPaths = (
				"${PODS_PODFILE_DIR_PATH}/Podfile.lock",
				"${PODS_ROOT}/Manifest.lock",
			);
			name = "[CP] Check Pods Manifest.lock";
			outputPaths = (
				"$(DERIVED_FILE_DIR)/Pods-weg-ios-checkManifestLockResult.txt",
			);
			runOnlyForDeploymentPostprocessing = 0;
			shellPath = /bin/sh;
			shellScript = "diff \"${PODS_PODFILE_DIR_PATH}/Podfile.lock\" \"${PODS_ROOT}/Manifest.lock\" > /dev/null\nif [ $? != 0 ] ; then\n    # print error to STDERR\n    echo \"error: The sandbox is not in sync with the Podfile.lock. Run 'pod install' or update your CocoaPods installation.\" >&2\n    exit 1\nfi\n# This output is used by Xcode 'outputs' to avoid re-running this script phase.\necho \"SUCCESS\" > \"${SCRIPT_OUTPUT_FILE_0}\"\n";
			showEnvVarsInLog = 0;
		};
		52D09EA544F6DBB94D5474A1 /* [CP] Embed Pods Frameworks */ = {
			isa = PBXShellScriptBuildPhase;
			buildActionMask = 2147483647;
			files = (
			);
			inputPaths = (
				"${SRCROOT}/Pods/Target Support Files/Pods-weg-ios/Pods-weg-ios-frameworks.sh",
				"${BUILT_PRODUCTS_DIR}/GoogleToolboxForMac/GoogleToolboxForMac.framework",
				"${BUILT_PRODUCTS_DIR}/Kingfisher/Kingfisher.framework",
				"${BUILT_PRODUCTS_DIR}/lottie-ios/Lottie.framework",
				"${BUILT_PRODUCTS_DIR}/nanopb/nanopb.framework",
			);
			name = "[CP] Embed Pods Frameworks";
			outputPaths = (
				"${TARGET_BUILD_DIR}/${FRAMEWORKS_FOLDER_PATH}/GoogleToolboxForMac.framework",
				"${TARGET_BUILD_DIR}/${FRAMEWORKS_FOLDER_PATH}/Kingfisher.framework",
				"${TARGET_BUILD_DIR}/${FRAMEWORKS_FOLDER_PATH}/Lottie.framework",
				"${TARGET_BUILD_DIR}/${FRAMEWORKS_FOLDER_PATH}/nanopb.framework",
			);
			runOnlyForDeploymentPostprocessing = 0;
			shellPath = /bin/sh;
			shellScript = "\"${SRCROOT}/Pods/Target Support Files/Pods-weg-ios/Pods-weg-ios-frameworks.sh\"\n";
			showEnvVarsInLog = 0;
		};
		8F62EA9720B8CCF60054955E /* ShellScript */ = {
			isa = PBXShellScriptBuildPhase;
			buildActionMask = 2147483647;
			files = (
			);
			inputPaths = (
			);
			outputPaths = (
			);
			runOnlyForDeploymentPostprocessing = 0;
			shellPath = /bin/sh;
			shellScript = "\"${PODS_ROOT}/Fabric/run\"";
		};
		984184AB70B9D32F45F78D24 /* [CP] Embed Pods Frameworks */ = {
			isa = PBXShellScriptBuildPhase;
			buildActionMask = 2147483647;
			files = (
			);
			inputPaths = (
				"${SRCROOT}/Pods/Target Support Files/Pods-wegUnitTests/Pods-wegUnitTests-frameworks.sh",
				"${BUILT_PRODUCTS_DIR}/GoogleToolboxForMac/GoogleToolboxForMac.framework",
				"${BUILT_PRODUCTS_DIR}/Kingfisher/Kingfisher.framework",
				"${BUILT_PRODUCTS_DIR}/lottie-ios/Lottie.framework",
				"${BUILT_PRODUCTS_DIR}/nanopb/nanopb.framework",
			);
			name = "[CP] Embed Pods Frameworks";
			outputPaths = (
				"${TARGET_BUILD_DIR}/${FRAMEWORKS_FOLDER_PATH}/GoogleToolboxForMac.framework",
				"${TARGET_BUILD_DIR}/${FRAMEWORKS_FOLDER_PATH}/Kingfisher.framework",
				"${TARGET_BUILD_DIR}/${FRAMEWORKS_FOLDER_PATH}/Lottie.framework",
				"${TARGET_BUILD_DIR}/${FRAMEWORKS_FOLDER_PATH}/nanopb.framework",
			);
			runOnlyForDeploymentPostprocessing = 0;
			shellPath = /bin/sh;
			shellScript = "\"${SRCROOT}/Pods/Target Support Files/Pods-wegUnitTests/Pods-wegUnitTests-frameworks.sh\"\n";
			showEnvVarsInLog = 0;
		};
		E8743EC162B17A3D898AF8CC /* [CP] Check Pods Manifest.lock */ = {
			isa = PBXShellScriptBuildPhase;
			buildActionMask = 2147483647;
			files = (
			);
			inputPaths = (
				"${PODS_PODFILE_DIR_PATH}/Podfile.lock",
				"${PODS_ROOT}/Manifest.lock",
			);
			name = "[CP] Check Pods Manifest.lock";
			outputPaths = (
				"$(DERIVED_FILE_DIR)/Pods-wegUnitTests-checkManifestLockResult.txt",
			);
			runOnlyForDeploymentPostprocessing = 0;
			shellPath = /bin/sh;
			shellScript = "diff \"${PODS_PODFILE_DIR_PATH}/Podfile.lock\" \"${PODS_ROOT}/Manifest.lock\" > /dev/null\nif [ $? != 0 ] ; then\n    # print error to STDERR\n    echo \"error: The sandbox is not in sync with the Podfile.lock. Run 'pod install' or update your CocoaPods installation.\" >&2\n    exit 1\nfi\n# This output is used by Xcode 'outputs' to avoid re-running this script phase.\necho \"SUCCESS\" > \"${SCRIPT_OUTPUT_FILE_0}\"\n";
			showEnvVarsInLog = 0;
		};
/* End PBXShellScriptBuildPhase section */

/* Begin PBXSourcesBuildPhase section */
		8F8B270020F11A45002A4617 /* Sources */ = {
			isa = PBXSourcesBuildPhase;
			buildActionMask = 2147483647;
			files = (
				8F8B273320F11CCF002A4617 /* UILabel+BoldUnderline.swift in Sources */,
				8F8B272220F11AC1002A4617 /* EquipmentRepository.swift in Sources */,
				8F8B273020F11CCF002A4617 /* UIColor+AppColors.swift in Sources */,
				8F8B271320F11AA9002A4617 /* CardsSetupViewController.swift in Sources */,
				8F8B272A20F11C61002A4617 /* Land.swift in Sources */,
				8F8B272E20F11C9C002A4617 /* Equipment.xcdatamodeld in Sources */,
				8F8B272F20F11CCF002A4617 /* UIViewController+PresentAlert.swift in Sources */,
				8F8B272B20F11C61002A4617 /* Sea.swift in Sources */,
				8F8B271420F11AA9002A4617 /* CardsViewController.swift in Sources */,
				8F8B271F20F11AB2002A4617 /* LoadingView.swift in Sources */,
				8F8B270720F11A45002A4617 /* wegUnitTests.swift in Sources */,
				8F8B271020F11AA4002A4617 /* EquipmentCollectionViewCell.swift in Sources */,
				8F8B270E20F11AA4002A4617 /* EquipmentCollectionViewController.swift in Sources */,
				8F8B273420F11CCF002A4617 /* Array+Shuffle.swift in Sources */,
				8F8B271120F11AA4002A4617 /* EquipmentDetailRow.swift in Sources */,
				8F8B273220F11CCF002A4617 /* UIView+ActivityIndicator.swift in Sources */,
				8F8B272920F11C61002A4617 /* Equipment.swift in Sources */,
				8F8B271620F11AA9002A4617 /* ButtonRow.swift in Sources */,
				8F8B270F20F11AA4002A4617 /* EquipmentViewController.swift in Sources */,
				8F8B272120F11AC1002A4617 /* AppDelegate.swift in Sources */,
				8F8B272C20F11C61002A4617 /* Air.swift in Sources */,
				8F8B272D20F11C61002A4617 /* Gun.swift in Sources */,
				8F8B273120F11CCF002A4617 /* UILabel+IBDesignable.swift in Sources */,
				8F8B272320F11AC1002A4617 /* Filesystem.swift in Sources */,
				8F8B273520F11CCF002A4617 /* CodingUserInfoKey+Context.swift in Sources */,
			);
			runOnlyForDeploymentPostprocessing = 0;
		};
		8FC11C5E208EB31C00B083F8 /* Sources */ = {
			isa = PBXSourcesBuildPhase;
			buildActionMask = 2147483647;
			files = (
				8F1C82FE2094AEF200570C8D /* EquipmentRepository.swift in Sources */,
				8F79EE88208F5F6A002E95F9 /* Land.swift in Sources */,
				8F79EE8C208F5F79002E95F9 /* Air.swift in Sources */,
				8F90342A20B6E6AD0077518F /* LoadingView.swift in Sources */,
				8F1C83042094E47600570C8D /* UIColor+AppColors.swift in Sources */,
				8FD30BE620A9B30200ED7C5B /* CardsViewController.swift in Sources */,
				8F6912C920A46C1A0011C942 /* UILabel+BoldUnderline.swift in Sources */,
				8F1C83002094E3DD00570C8D /* Filesystem.swift in Sources */,
				8FD30BE420A9B25900ED7C5B /* CardsSetupViewController.swift in Sources */,
				8FC0051B209896F100E04417 /* UIView+ActivityIndicator.swift in Sources */,
				8F6912C520A3BA770011C942 /* EquipmentDetailRow.swift in Sources */,
				8F2DACE620B05B1C00F908FB /* Array+Shuffle.swift in Sources */,
				8FC11C66208EB31C00B083F8 /* AppDelegate.swift in Sources */,
				8F1C830720962B5F00570C8D /* UILabel+IBDesignable.swift in Sources */,
				8FC0051D209896FD00E04417 /* UIViewController+PresentAlert.swift in Sources */,
				8F79EE86208F5EA7002E95F9 /* Equipment.swift in Sources */,
				8FD30BEA20A9BE7300ED7C5B /* ButtonRow.swift in Sources */,
				8F1C830B209631BB00570C8D /* EquipmentCollectionViewController.swift in Sources */,
				8F98123D20B9C5A600681630 /* CodingUserInfoKey+Context.swift in Sources */,
				8F1C830D209631D400570C8D /* EquipmentViewController.swift in Sources */,
				8F79EE8E208F5F81002E95F9 /* Gun.swift in Sources */,
				8F1C830F2096349400570C8D /* EquipmentCollectionViewCell.swift in Sources */,
				8F79EE8A208F5F72002E95F9 /* Sea.swift in Sources */,
				8F98121A20B99DD100681630 /* Equipment.xcdatamodeld in Sources */,
			);
			runOnlyForDeploymentPostprocessing = 0;
		};
/* End PBXSourcesBuildPhase section */

/* Begin PBXTargetDependency section */
		8F8B270A20F11A45002A4617 /* PBXTargetDependency */ = {
			isa = PBXTargetDependency;
			target = 8FC11C61208EB31C00B083F8 /* weg-ios */;
			targetProxy = 8F8B270920F11A45002A4617 /* PBXContainerItemProxy */;
		};
/* End PBXTargetDependency section */

/* Begin PBXVariantGroup section */
		8FC11C6B208EB31C00B083F8 /* Main.storyboard */ = {
			isa = PBXVariantGroup;
			children = (
				8FC11C6C208EB31C00B083F8 /* Base */,
			);
			name = Main.storyboard;
			sourceTree = "<group>";
		};
		8FC11C70208EB31D00B083F8 /* LaunchScreen.storyboard */ = {
			isa = PBXVariantGroup;
			children = (
				8FC11C71208EB31D00B083F8 /* Base */,
			);
			name = LaunchScreen.storyboard;
			sourceTree = "<group>";
		};
/* End PBXVariantGroup section */

/* Begin XCBuildConfiguration section */
		8F8B270B20F11A45002A4617 /* Debug */ = {
			isa = XCBuildConfiguration;
			baseConfigurationReference = 3A13FAC67B9E91FFB5A5D087 /* Pods-wegUnitTests.debug.xcconfig */;
			buildSettings = {
				BUNDLE_LOADER = "$(TEST_HOST)";
				CODE_SIGN_STYLE = Automatic;
				DEVELOPMENT_TEAM = 7S77A6SK97;
				INFOPLIST_FILE = wegUnitTests/Info.plist;
				IPHONEOS_DEPLOYMENT_TARGET = 10.0;
				LD_RUNPATH_SEARCH_PATHS = (
					"$(inherited)",
					"@executable_path/Frameworks",
					"@loader_path/Frameworks",
				);
				PRODUCT_BUNDLE_IDENTIFIER = com.jamesjmtaylor.wegUnitTests;
				PRODUCT_NAME = "$(TARGET_NAME)";
				SWIFT_VERSION = 4.0;
				TARGETED_DEVICE_FAMILY = "1,2";
				TEST_HOST = "$(BUILT_PRODUCTS_DIR)/weg-ios.app/weg-ios";
			};
			name = Debug;
		};
		8F8B270C20F11A45002A4617 /* Release */ = {
			isa = XCBuildConfiguration;
			baseConfigurationReference = 903ABF2C4FD84DFFFC442C7A /* Pods-wegUnitTests.release.xcconfig */;
			buildSettings = {
				BUNDLE_LOADER = "$(TEST_HOST)";
				CODE_SIGN_STYLE = Automatic;
				DEVELOPMENT_TEAM = 7S77A6SK97;
				INFOPLIST_FILE = wegUnitTests/Info.plist;
				IPHONEOS_DEPLOYMENT_TARGET = 10.0;
				LD_RUNPATH_SEARCH_PATHS = (
					"$(inherited)",
					"@executable_path/Frameworks",
					"@loader_path/Frameworks",
				);
				PRODUCT_BUNDLE_IDENTIFIER = com.jamesjmtaylor.wegUnitTests;
				PRODUCT_NAME = "$(TARGET_NAME)";
				SWIFT_VERSION = 4.0;
				TARGETED_DEVICE_FAMILY = "1,2";
				TEST_HOST = "$(BUILT_PRODUCTS_DIR)/weg-ios.app/weg-ios";
			};
			name = Release;
		};
		8FC11C74208EB31D00B083F8 /* Debug */ = {
			isa = XCBuildConfiguration;
			buildSettings = {
				ALWAYS_SEARCH_USER_PATHS = NO;
				CLANG_ANALYZER_NONNULL = YES;
				CLANG_ANALYZER_NUMBER_OBJECT_CONVERSION = YES_AGGRESSIVE;
				CLANG_CXX_LANGUAGE_STANDARD = "gnu++14";
				CLANG_CXX_LIBRARY = "libc++";
				CLANG_ENABLE_MODULES = YES;
				CLANG_ENABLE_OBJC_ARC = YES;
				CLANG_ENABLE_OBJC_WEAK = YES;
				CLANG_WARN_BLOCK_CAPTURE_AUTORELEASING = YES;
				CLANG_WARN_BOOL_CONVERSION = YES;
				CLANG_WARN_COMMA = YES;
				CLANG_WARN_CONSTANT_CONVERSION = YES;
				CLANG_WARN_DEPRECATED_OBJC_IMPLEMENTATIONS = YES;
				CLANG_WARN_DIRECT_OBJC_ISA_USAGE = YES_ERROR;
				CLANG_WARN_DOCUMENTATION_COMMENTS = YES;
				CLANG_WARN_EMPTY_BODY = YES;
				CLANG_WARN_ENUM_CONVERSION = YES;
				CLANG_WARN_INFINITE_RECURSION = YES;
				CLANG_WARN_INT_CONVERSION = YES;
				CLANG_WARN_NON_LITERAL_NULL_CONVERSION = YES;
				CLANG_WARN_OBJC_IMPLICIT_RETAIN_SELF = YES;
				CLANG_WARN_OBJC_LITERAL_CONVERSION = YES;
				CLANG_WARN_OBJC_ROOT_CLASS = YES_ERROR;
				CLANG_WARN_RANGE_LOOP_ANALYSIS = YES;
				CLANG_WARN_STRICT_PROTOTYPES = YES;
				CLANG_WARN_SUSPICIOUS_MOVE = YES;
				CLANG_WARN_UNGUARDED_AVAILABILITY = YES_AGGRESSIVE;
				CLANG_WARN_UNREACHABLE_CODE = YES;
				CLANG_WARN__DUPLICATE_METHOD_MATCH = YES;
				CODE_SIGN_IDENTITY = "iPhone Developer";
				COPY_PHASE_STRIP = NO;
				DEBUG_INFORMATION_FORMAT = dwarf;
				ENABLE_STRICT_OBJC_MSGSEND = YES;
				ENABLE_TESTABILITY = YES;
				GCC_C_LANGUAGE_STANDARD = gnu11;
				GCC_DYNAMIC_NO_PIC = NO;
				GCC_NO_COMMON_BLOCKS = YES;
				GCC_OPTIMIZATION_LEVEL = 0;
				GCC_PREPROCESSOR_DEFINITIONS = (
					"DEBUG=1",
					"$(inherited)",
				);
				GCC_WARN_64_TO_32_BIT_CONVERSION = YES;
				GCC_WARN_ABOUT_RETURN_TYPE = YES_ERROR;
				GCC_WARN_UNDECLARED_SELECTOR = YES;
				GCC_WARN_UNINITIALIZED_AUTOS = YES_AGGRESSIVE;
				GCC_WARN_UNUSED_FUNCTION = YES;
				GCC_WARN_UNUSED_VARIABLE = YES;
				IPHONEOS_DEPLOYMENT_TARGET = 10.0;
				MTL_ENABLE_DEBUG_INFO = YES;
				ONLY_ACTIVE_ARCH = YES;
				SDKROOT = iphoneos;
				SWIFT_ACTIVE_COMPILATION_CONDITIONS = DEBUG;
				SWIFT_OPTIMIZATION_LEVEL = "-Onone";
			};
			name = Debug;
		};
		8FC11C75208EB31D00B083F8 /* Release */ = {
			isa = XCBuildConfiguration;
			buildSettings = {
				ALWAYS_SEARCH_USER_PATHS = NO;
				CLANG_ANALYZER_NONNULL = YES;
				CLANG_ANALYZER_NUMBER_OBJECT_CONVERSION = YES_AGGRESSIVE;
				CLANG_CXX_LANGUAGE_STANDARD = "gnu++14";
				CLANG_CXX_LIBRARY = "libc++";
				CLANG_ENABLE_MODULES = YES;
				CLANG_ENABLE_OBJC_ARC = YES;
				CLANG_ENABLE_OBJC_WEAK = YES;
				CLANG_WARN_BLOCK_CAPTURE_AUTORELEASING = YES;
				CLANG_WARN_BOOL_CONVERSION = YES;
				CLANG_WARN_COMMA = YES;
				CLANG_WARN_CONSTANT_CONVERSION = YES;
				CLANG_WARN_DEPRECATED_OBJC_IMPLEMENTATIONS = YES;
				CLANG_WARN_DIRECT_OBJC_ISA_USAGE = YES_ERROR;
				CLANG_WARN_DOCUMENTATION_COMMENTS = YES;
				CLANG_WARN_EMPTY_BODY = YES;
				CLANG_WARN_ENUM_CONVERSION = YES;
				CLANG_WARN_INFINITE_RECURSION = YES;
				CLANG_WARN_INT_CONVERSION = YES;
				CLANG_WARN_NON_LITERAL_NULL_CONVERSION = YES;
				CLANG_WARN_OBJC_IMPLICIT_RETAIN_SELF = YES;
				CLANG_WARN_OBJC_LITERAL_CONVERSION = YES;
				CLANG_WARN_OBJC_ROOT_CLASS = YES_ERROR;
				CLANG_WARN_RANGE_LOOP_ANALYSIS = YES;
				CLANG_WARN_STRICT_PROTOTYPES = YES;
				CLANG_WARN_SUSPICIOUS_MOVE = YES;
				CLANG_WARN_UNGUARDED_AVAILABILITY = YES_AGGRESSIVE;
				CLANG_WARN_UNREACHABLE_CODE = YES;
				CLANG_WARN__DUPLICATE_METHOD_MATCH = YES;
				CODE_SIGN_IDENTITY = "iPhone Developer";
				COPY_PHASE_STRIP = NO;
				DEBUG_INFORMATION_FORMAT = "dwarf-with-dsym";
				ENABLE_NS_ASSERTIONS = NO;
				ENABLE_STRICT_OBJC_MSGSEND = YES;
				GCC_C_LANGUAGE_STANDARD = gnu11;
				GCC_NO_COMMON_BLOCKS = YES;
				GCC_WARN_64_TO_32_BIT_CONVERSION = YES;
				GCC_WARN_ABOUT_RETURN_TYPE = YES_ERROR;
				GCC_WARN_UNDECLARED_SELECTOR = YES;
				GCC_WARN_UNINITIALIZED_AUTOS = YES_AGGRESSIVE;
				GCC_WARN_UNUSED_FUNCTION = YES;
				GCC_WARN_UNUSED_VARIABLE = YES;
				IPHONEOS_DEPLOYMENT_TARGET = 10.0;
				MTL_ENABLE_DEBUG_INFO = NO;
				SDKROOT = iphoneos;
				SWIFT_COMPILATION_MODE = wholemodule;
				SWIFT_OPTIMIZATION_LEVEL = "-O";
				VALIDATE_PRODUCT = YES;
			};
			name = Release;
		};
		8FC11C77208EB31D00B083F8 /* Debug */ = {
			isa = XCBuildConfiguration;
			baseConfigurationReference = 0CE54F0CEC421B015A91736D /* Pods-weg-ios.debug.xcconfig */;
			buildSettings = {
				ASSETCATALOG_COMPILER_APPICON_NAME = AppIcon;
				CODE_SIGN_IDENTITY = "iPhone Developer";
				CODE_SIGN_STYLE = Manual;
				DEVELOPMENT_TEAM = 3UNUY4A2PK;
				INFOPLIST_FILE = "weg-ios/Info.plist";
				IPHONEOS_DEPLOYMENT_TARGET = 10.0;
				LD_RUNPATH_SEARCH_PATHS = (
					"$(inherited)",
					"@executable_path/Frameworks",
				);
				PRODUCT_BUNDLE_IDENTIFIER = com.jamesjmtaylor.weg;
				PRODUCT_NAME = "$(TARGET_NAME)";
				PROVISIONING_PROFILE = "fc0739cc-1114-4a6a-b7d1-5846f20a8f98";
				PROVISIONING_PROFILE_SPECIFIER = "Personal Development Ad Hoc";
				SWIFT_VERSION = 4.0;
				TARGETED_DEVICE_FAMILY = "1,2";
			};
			name = Debug;
		};
		8FC11C78208EB31D00B083F8 /* Release */ = {
			isa = XCBuildConfiguration;
			baseConfigurationReference = 98CFA5E9F005148975EA2FF5 /* Pods-weg-ios.release.xcconfig */;
			buildSettings = {
				ASSETCATALOG_COMPILER_APPICON_NAME = AppIcon;
				CODE_SIGN_IDENTITY = "iPhone Distribution";
				CODE_SIGN_STYLE = Manual;
				DEVELOPMENT_TEAM = 3UNUY4A2PK;
				INFOPLIST_FILE = "weg-ios/Info.plist";
				IPHONEOS_DEPLOYMENT_TARGET = 10.0;
				LD_RUNPATH_SEARCH_PATHS = (
					"$(inherited)",
					"@executable_path/Frameworks",
				);
				PRODUCT_BUNDLE_IDENTIFIER = com.jamesjmtaylor.weg;
				PRODUCT_NAME = "$(TARGET_NAME)";
				PROVISIONING_PROFILE = "753d207e-d53d-490e-ba3d-82f92e5474bc";
				PROVISIONING_PROFILE_SPECIFIER = "WEG Distro Provisioning Profile";
				SWIFT_VERSION = 4.0;
				TARGETED_DEVICE_FAMILY = "1,2";
			};
			name = Release;
		};
/* End XCBuildConfiguration section */

/* Begin XCConfigurationList section */
		8F8B270D20F11A45002A4617 /* Build configuration list for PBXNativeTarget "wegUnitTests" */ = {
			isa = XCConfigurationList;
			buildConfigurations = (
				8F8B270B20F11A45002A4617 /* Debug */,
				8F8B270C20F11A45002A4617 /* Release */,
			);
			defaultConfigurationIsVisible = 0;
			defaultConfigurationName = Release;
		};
		8FC11C5D208EB31C00B083F8 /* Build configuration list for PBXProject "weg-ios" */ = {
			isa = XCConfigurationList;
			buildConfigurations = (
				8FC11C74208EB31D00B083F8 /* Debug */,
				8FC11C75208EB31D00B083F8 /* Release */,
			);
			defaultConfigurationIsVisible = 0;
			defaultConfigurationName = Release;
		};
		8FC11C76208EB31D00B083F8 /* Build configuration list for PBXNativeTarget "weg-ios" */ = {
			isa = XCConfigurationList;
			buildConfigurations = (
				8FC11C77208EB31D00B083F8 /* Debug */,
				8FC11C78208EB31D00B083F8 /* Release */,
			);
			defaultConfigurationIsVisible = 0;
			defaultConfigurationName = Release;
		};
/* End XCConfigurationList section */

/* Begin XCVersionGroup section */
		8F98121820B99DD100681630 /* Equipment.xcdatamodeld */ = {
			isa = XCVersionGroup;
			children = (
				8F98121920B99DD100681630 /* Equipment.xcdatamodel */,
			);
			currentVersion = 8F98121920B99DD100681630 /* Equipment.xcdatamodel */;
			path = Equipment.xcdatamodeld;
			sourceTree = "<group>";
			versionGroupType = wrapper.xcdatamodel;
		};
/* End XCVersionGroup section */
	};
	rootObject = 8FC11C5A208EB31C00B083F8 /* Project object */;
}
